%{"certifi": {:hex, :certifi, "0.3.0"},
  "exactor": {:hex, :exactor, "2.2.0"},
  "exjsx": {:hex, :exjsx, "3.2.0"},
  "exvcr": {:hex, :exvcr, "0.7.1"},
  "hackney": {:hex, :hackney, "1.4.10"},
  "httpoison": {:hex, :httpoison, "0.8.1"},
  "idna": {:hex, :idna, "1.1.0"},
  "jsx": {:hex, :jsx, "2.6.2"},
  "meck": {:hex, :meck, "0.8.4"},
  "mimerl": {:hex, :mimerl, "1.0.2"},
  "mimetype_parser": {:hex, :mimetype_parser, "0.1.2"},
  "oauth2": {:git, "https://github.com/scrogson/oauth2.git", "e92dbc1bf3c1f19b18834cae327346c8bd9993d4", []},
  "poison": {:hex, :poison, "2.1.0"},
  "ssl_verify_hostname": {:hex, :ssl_verify_hostname, "1.0.5"}}
